{
  "name": "example",
  "version": "0.0.0",
  "lockfileVersion": 1,
  "requires": true,
  "dependencies": {
    "edon-test-a": {
      "version": "0.0.1",
      "resolved": "https://registry.npmjs.org/edon-test-a/-/edon-test-a-0.0.1.tgz",
      "integrity": "sha512-WUdLWEY4wnVNblgT3/mmSxoychG4PfaKATvX7z//c4+THNFznFqdR+gmaR2a1wNWHPbc0p7tlLKkQEInOLuGxg==",
      "requires": {
        "edon-test-b": "0.0.1",
        "edon-test-c": "0.0.0"
      },
      "dependencies": {
        "edon-test-c": {
          "version": "0.0.0",
          "resolved": "https://registry.npmjs.org/edon-test-c/-/edon-test-c-0.0.0.tgz",
          "integrity": "sha512-KjcPq/jtaocyMpe70FjY2sJBFfRAqYpCN0ZqT0juEPbCiUQWZwdz5EP5EvNSHDxrY4xKAquV8fEyKurB+BHHqA=="
        }
      }
    },
    "edon-test-b": {
      "version": "0.0.1",
      "resolved": "https://registry.npmjs.org/edon-test-b/-/edon-test-b-0.0.1.tgz",
      "integrity": "sha512-OuX61QywhRFjxpa7UM4MxESVdsJoNvF7sekYzwvMnNJYMGPePDk0wuk9zu0vwcU5AR2k686hPbEz5AtedIS03Q==",
      "requires": {
        "edon-test-c": "0.0.0"
      },
      "dependencies": {
        "edon-test-c": {
          "version": "0.0.0",
          "resolved": "https://registry.npmjs.org/edon-test-c/-/edon-test-c-0.0.0.tgz",
          "integrity": "sha512-KjcPq/jtaocyMpe70FjY2sJBFfRAqYpCN0ZqT0juEPbCiUQWZwdz5EP5EvNSHDxrY4xKAquV8fEyKurB+BHHqA=="
        }
      }
    },
    "edon-test-c": {
      "version": "1.0.3",
      "resolved": "https://registry.npmjs.org/edon-test-c/-/edon-test-c-1.0.3.tgz",
      "integrity": "sha512-6sicUD/eaMawv277loosaXeVaTQtNtZYMygqaijk9N1tCqzn4qvLfbnVD8wfrq1dQpe9s/mdZRrN3LgQCm6GJQ=="
    }
  }
}
