{
  "requires": true,
  "lockfileVersion": 1,
  "dependencies": {
    "nd-circ-a": {
      "version": "1.0.0",
      "resolved": "https://registry.npmjs.org/nd-circ-a/-/nd-circ-a-1.0.0.tgz",
      "integrity": "sha512-sXaAIbxiz1W1W+kHwRfkUQpXkD+zVCyGfEH/Fh7oS4fT9/d7RZTkmX0ijWsRK7LkRVuGRCwz84Ae9gPQKEGqmQ==",
      "requires": {
        "nd-circ-b": "1.0.0"
      }
    },
    "nd-circ-b": {
      "version": "1.0.0",
      "resolved": "https://registry.npmjs.org/nd-circ-b/-/nd-circ-b-1.0.0.tgz",
      "integrity": "sha512-Jy9kiA4gyIfq5HXoiSUOUXfUNvTq6j9LU8bdOEeH9lvJ+n3xS2t/7NSMqkiH9vieVypOqPZk+F6p62s8c2xs5Q==",
      "requires": {
        "nd-circ-a": "1.0.0"
      }
    }
  }
}
